
Microsoft Visual Studio Solution File, Format Version 12.00
# Visual Studio Version 17
VisualStudioVersion = 17.4.33213.308
MinimumVisualStudioVersion = 10.0.40219.1
Project("{FAE04EC0-301F-11D3-BF4B-00C04F79EFBC}") = "IT-Department App", "IT-Department App\IT-Department App.csproj", "{5C95504D-E7EE-4922-AE09-3FC4ED07EE2E}"
EndProject
Global
	GlobalSection(SolutionConfigurationPlatforms) = preSolution
		Debug|Any CPU = Debug|Any CPU
		Release|Any CPU = Release|Any CPU
	EndGlobalSection
	GlobalSection(ProjectConfigurationPlatforms) = postSolution
		{5C95504D-E7EE-4922-AE09-3FC4ED07EE2E}.Debug|Any CPU.ActiveCfg = Debug|Any CPU
		{5C95504D-E7EE-4922-AE09-3FC4ED07EE2E}.Debug|Any CPU.Build.0 = Debug|Any CPU
		{5C95504D-E7EE-4922-AE09-3FC4ED07EE2E}.Release|Any CPU.ActiveCfg = Release|Any CPU
		{5C95504D-E7EE-4922-AE09-3FC4ED07EE2E}.Release|Any CPU.Build.0 = Release|Any CPU
	EndGlobalSection
	GlobalSection(SolutionProperties) = preSolution
		HideSolutionNode = FALSE
	EndGlobalSection
	GlobalSection(ExtensibilityGlobals) = postSolution
		SolutionGuid = {4815D214-090D-4736-A8B8-D512EC61180E}
	EndGlobalSection
EndGlobal
